
Microsoft Visual Studio Solution File, Format Version 12.00
# Visual Studio Version 17
VisualStudioVersion = 17.14.36310.24 d17.14
MinimumVisualStudioVersion = 10.0.40219.1
Project("{FAE04EC0-301F-11D3-BF4B-00C04F79EFBC}") = "ExamSys", "ExamSys\ExamSys.csproj", "{AB549D93-6ED8-4D23-99BA-41BA517FE82F}"
EndProject
Global
	GlobalSection(SolutionConfigurationPlatforms) = preSolution
		Debug|Any CPU = Debug|Any CPU
		Release|Any CPU = Release|Any CPU
	EndGlobalSection
	GlobalSection(ProjectConfigurationPlatforms) = postSolution
		{AB549D93-6ED8-4D23-99BA-41BA517FE82F}.Debug|Any CPU.ActiveCfg = Debug|Any CPU
		{AB549D93-6ED8-4D23-99BA-41BA517FE82F}.Debug|Any CPU.Build.0 = Debug|Any CPU
		{AB549D93-6ED8-4D23-99BA-41BA517FE82F}.Release|Any CPU.ActiveCfg = Release|Any CPU
		{AB549D93-6ED8-4D23-99BA-41BA517FE82F}.Release|Any CPU.Build.0 = Release|Any CPU
	EndGlobalSection
	GlobalSection(SolutionProperties) = preSolution
		HideSolutionNode = FALSE
	EndGlobalSection
	GlobalSection(ExtensibilityGlobals) = postSolution
		SolutionGuid = {B660F361-2DA8-4D5E-B1BF-0B4F9C9BFAAA}
	EndGlobalSection
EndGlobal
